
Microsoft Visual Studio Solution File, Format Version 12.00
Project("{FAE04EC0-301F-11D3-BF4B-00C04F79EFBC}") = "Recursion", "Recursion\Recursion.csproj", "{1CAAA308-5376-4071-8930-1448C7C59FF8}"
EndProject
Project("{2150E333-8FDC-42A3-9474-1A3956D46DE8}") = "Recursion", "Recursion", "{A23690EC-823D-43B0-9158-7B360145261B}"
EndProject
Project("{2150E333-8FDC-42A3-9474-1A3956D46DE8}") = "Sorting", "Sorting", "{BD118926-C360-43DA-B8AB-85D49544AEB4}"
EndProject
Project("{FAE04EC0-301F-11D3-BF4B-00C04F79EFBC}") = "SortingAlgorithms", "SortingAlgorithms\SortingAlgorithms.csproj", "{590A28DC-7745-43B2-B9D0-BEF826AD031E}"
EndProject
Project("{2150E333-8FDC-42A3-9474-1A3956D46DE8}") = "SearchingAlgorithms", "SearchingAlgorithms", "{56DE3745-19EC-444C-A9A1-18D8437BB9A4}"
EndProject
Project("{FAE04EC0-301F-11D3-BF4B-00C04F79EFBC}") = "BreadthFirstSearch", "BreadthFirstSearch\BreadthFirstSearch.csproj", "{E200F7E3-43B6-4CAC-8A40-A82ABF1C8BA2}"
EndProject
Project("{FAE04EC0-301F-11D3-BF4B-00C04F79EFBC}") = "DepthFirstSearch", "DepthFirstSearch\DepthFirstSearch.csproj", "{98118081-60F8-4909-B356-A89E5B95DE00}"
EndProject
Project("{2150E333-8FDC-42A3-9474-1A3956D46DE8}") = "BellmanFord Algo", "BellmanFord Algo", "{43ADC582-3C70-48FC-A899-45F700FD74A8}"
EndProject
Project("{2150E333-8FDC-42A3-9474-1A3956D46DE8}") = "Dijkstra Algo", "Dijkstra Algo", "{FFAFC85A-7833-43F4-9C5B-A419FD601786}"
EndProject
Project("{FAE04EC0-301F-11D3-BF4B-00C04F79EFBC}") = "BellmanFord", "BellmanFord\BellmanFord.csproj", "{E54C40CA-67DE-4E01-AB41-C2734CFB7BD1}"
EndProject
Project("{FAE04EC0-301F-11D3-BF4B-00C04F79EFBC}") = "Dijkstra", "Dijkstra\Dijkstra.csproj", "{955A80DE-AAE0-4C21-B56D-DB68B087DEB1}"
EndProject
Project("{2150E333-8FDC-42A3-9474-1A3956D46DE8}") = "Binary Search", "Binary Search", "{DF8DEBE0-CDFA-4CAD-A2AC-C8D7ADD71AD3}"
EndProject
Project("{2150E333-8FDC-42A3-9474-1A3956D46DE8}") = "Linear Search", "Linear Search", "{250C01AF-231C-4D33-B15C-505C50C5A556}"
EndProject
Project("{FAE04EC0-301F-11D3-BF4B-00C04F79EFBC}") = "BinarySearch", "BinarySearch\BinarySearch.csproj", "{6273DA4C-4B05-44E9-9E50-A8550C511131}"
EndProject
Project("{FAE04EC0-301F-11D3-BF4B-00C04F79EFBC}") = "LinearSearch", "LinearSearch\LinearSearch.csproj", "{ED61648C-AEC1-4726-A757-EEB12794D4D9}"
EndProject
Global
	GlobalSection(SolutionConfigurationPlatforms) = preSolution
		Debug|Any CPU = Debug|Any CPU
		Release|Any CPU = Release|Any CPU
	EndGlobalSection
	GlobalSection(ProjectConfigurationPlatforms) = postSolution
		{1CAAA308-5376-4071-8930-1448C7C59FF8}.Debug|Any CPU.ActiveCfg = Debug|Any CPU
		{1CAAA308-5376-4071-8930-1448C7C59FF8}.Debug|Any CPU.Build.0 = Debug|Any CPU
		{1CAAA308-5376-4071-8930-1448C7C59FF8}.Release|Any CPU.ActiveCfg = Release|Any CPU
		{1CAAA308-5376-4071-8930-1448C7C59FF8}.Release|Any CPU.Build.0 = Release|Any CPU
		{590A28DC-7745-43B2-B9D0-BEF826AD031E}.Debug|Any CPU.ActiveCfg = Debug|Any CPU
		{590A28DC-7745-43B2-B9D0-BEF826AD031E}.Debug|Any CPU.Build.0 = Debug|Any CPU
		{590A28DC-7745-43B2-B9D0-BEF826AD031E}.Release|Any CPU.ActiveCfg = Release|Any CPU
		{590A28DC-7745-43B2-B9D0-BEF826AD031E}.Release|Any CPU.Build.0 = Release|Any CPU
		{E200F7E3-43B6-4CAC-8A40-A82ABF1C8BA2}.Debug|Any CPU.ActiveCfg = Debug|Any CPU
		{E200F7E3-43B6-4CAC-8A40-A82ABF1C8BA2}.Debug|Any CPU.Build.0 = Debug|Any CPU
		{E200F7E3-43B6-4CAC-8A40-A82ABF1C8BA2}.Release|Any CPU.ActiveCfg = Release|Any CPU
		{E200F7E3-43B6-4CAC-8A40-A82ABF1C8BA2}.Release|Any CPU.Build.0 = Release|Any CPU
		{98118081-60F8-4909-B356-A89E5B95DE00}.Debug|Any CPU.ActiveCfg = Debug|Any CPU
		{98118081-60F8-4909-B356-A89E5B95DE00}.Debug|Any CPU.Build.0 = Debug|Any CPU
		{98118081-60F8-4909-B356-A89E5B95DE00}.Release|Any CPU.ActiveCfg = Release|Any CPU
		{98118081-60F8-4909-B356-A89E5B95DE00}.Release|Any CPU.Build.0 = Release|Any CPU
		{E54C40CA-67DE-4E01-AB41-C2734CFB7BD1}.Debug|Any CPU.ActiveCfg = Debug|Any CPU
		{E54C40CA-67DE-4E01-AB41-C2734CFB7BD1}.Debug|Any CPU.Build.0 = Debug|Any CPU
		{E54C40CA-67DE-4E01-AB41-C2734CFB7BD1}.Release|Any CPU.ActiveCfg = Release|Any CPU
		{E54C40CA-67DE-4E01-AB41-C2734CFB7BD1}.Release|Any CPU.Build.0 = Release|Any CPU
		{955A80DE-AAE0-4C21-B56D-DB68B087DEB1}.Debug|Any CPU.ActiveCfg = Debug|Any CPU
		{955A80DE-AAE0-4C21-B56D-DB68B087DEB1}.Debug|Any CPU.Build.0 = Debug|Any CPU
		{955A80DE-AAE0-4C21-B56D-DB68B087DEB1}.Release|Any CPU.ActiveCfg = Release|Any CPU
		{955A80DE-AAE0-4C21-B56D-DB68B087DEB1}.Release|Any CPU.Build.0 = Release|Any CPU
		{6273DA4C-4B05-44E9-9E50-A8550C511131}.Debug|Any CPU.ActiveCfg = Debug|Any CPU
		{6273DA4C-4B05-44E9-9E50-A8550C511131}.Debug|Any CPU.Build.0 = Debug|Any CPU
		{6273DA4C-4B05-44E9-9E50-A8550C511131}.Release|Any CPU.ActiveCfg = Release|Any CPU
		{6273DA4C-4B05-44E9-9E50-A8550C511131}.Release|Any CPU.Build.0 = Release|Any CPU
		{ED61648C-AEC1-4726-A757-EEB12794D4D9}.Debug|Any CPU.ActiveCfg = Debug|Any CPU
		{ED61648C-AEC1-4726-A757-EEB12794D4D9}.Debug|Any CPU.Build.0 = Debug|Any CPU
		{ED61648C-AEC1-4726-A757-EEB12794D4D9}.Release|Any CPU.ActiveCfg = Release|Any CPU
		{ED61648C-AEC1-4726-A757-EEB12794D4D9}.Release|Any CPU.Build.0 = Release|Any CPU
	EndGlobalSection
	GlobalSection(NestedProjects) = preSolution
		{1CAAA308-5376-4071-8930-1448C7C59FF8} = {A23690EC-823D-43B0-9158-7B360145261B}
		{590A28DC-7745-43B2-B9D0-BEF826AD031E} = {BD118926-C360-43DA-B8AB-85D49544AEB4}
		{E200F7E3-43B6-4CAC-8A40-A82ABF1C8BA2} = {56DE3745-19EC-444C-A9A1-18D8437BB9A4}
		{98118081-60F8-4909-B356-A89E5B95DE00} = {56DE3745-19EC-444C-A9A1-18D8437BB9A4}
		{E54C40CA-67DE-4E01-AB41-C2734CFB7BD1} = {43ADC582-3C70-48FC-A899-45F700FD74A8}
		{955A80DE-AAE0-4C21-B56D-DB68B087DEB1} = {FFAFC85A-7833-43F4-9C5B-A419FD601786}
		{6273DA4C-4B05-44E9-9E50-A8550C511131} = {DF8DEBE0-CDFA-4CAD-A2AC-C8D7ADD71AD3}
		{ED61648C-AEC1-4726-A757-EEB12794D4D9} = {250C01AF-231C-4D33-B15C-505C50C5A556}
	EndGlobalSection
EndGlobal
